// !$*UTF8*$!
{
	archiveVersion = 1;
	classes = {
	};
	objectVersion = 48;
	objects = {

/* Begin PBXBuildFile section */
		1552E86A1F9BE16400FEDD16 /* AppDelegate.swift in Sources */ = {isa = PBXBuildFile; fileRef = 1552E8691F9BE16400FEDD16 /* AppDelegate.swift */; };
		1552E86C1F9BE16400FEDD16 /* ViewController.swift in Sources */ = {isa = PBXBuildFile; fileRef = 1552E86B1F9BE16400FEDD16 /* ViewController.swift */; };
		1552E86F1F9BE16400FEDD16 /* Main.storyboard in Resources */ = {isa = PBXBuildFile; fileRef = 1552E86D1F9BE16400FEDD16 /* Main.storyboard */; };
		1552E8711F9BE16400FEDD16 /* Assets.xcassets in Resources */ = {isa = PBXBuildFile; fileRef = 1552E8701F9BE16400FEDD16 /* Assets.xcassets */; };
		1552E8741F9BE16400FEDD16 /* LaunchScreen.storyboard in Resources */ = {isa = PBXBuildFile; fileRef = 1552E8721F9BE16400FEDD16 /* LaunchScreen.storyboard */; };
/* End PBXBuildFile section */

/* Begin PBXFileReference section */
		1552E8661F9BE16400FEDD16 /* chapter1.app */ = {isa = PBXFileReference; explicitFileType = wrapper.application; includeInIndex = 0; path = chapter1.app; sourceTree = BUILT_PRODUCTS_DIR; };
		1552E8691F9BE16400FEDD16 /* AppDelegate.swift */ = {isa = PBXFileReference; lastKnownFileType = sourcecode.swift; path = AppDelegate.swift; sourceTree = "<group>"; };
		1552E86B1F9BE16400FEDD16 /* ViewController.swift */ = {isa = PBXFileReference; lastKnownFileType = sourcecode.swift; path = ViewController.swift; sourceTree = "<group>"; };
		1552E86E1F9BE16400FEDD16 /* Base */ = {isa = PBXFileReference; lastKnownFileType = file.storyboard; name = Base; path = Base.lproj/Main.storyboard; sourceTree = "<group>"; };
		1552E8701F9BE16400FEDD16 /* Assets.xcassets */ = {isa = PBXFileReference; lastKnownFileType = folder.assetcatalog; path = Assets.xcassets; sourceTree = "<group>"; };
		1552E8731F9BE16400FEDD16 /* Base */ = {isa = PBXFileReference; lastKnownFileType = file.storyboard; name = Base; path = Base.lproj/LaunchScreen.storyboard; sourceTree = "<group>"; };
		1552E8751F9BE16400FEDD16 /* Info.plist */ = {isa = PBXFileReference; lastKnownFileType = text.plist.xml; path = Info.plist; sourceTree = "<group>"; };
/* End PBXFileReference section */

/* Begin PBXFrameworksBuildPhase section */
		1552E8631F9BE16400FEDD16 /* Frameworks */ = {
			isa = PBXFrameworksBuildPhase;
			buildActionMask = 2147483647;
			files = (
			);
			runOnlyForDeploymentPostprocessing = 0;
		};
/* End PBXFrameworksBuildPhase section */

/* Begin PBXGroup section */
		1552E85D1F9BE16400FEDD16 = {
			isa = PBXGroup;
			children = (
				1552E8681F9BE16400FEDD16 /* chapter1 */,
				1552E8671F9BE16400FEDD16 /* Products */,
			);
			sourceTree = "<group>";
		};
		1552E8671F9BE16400FEDD16 /* Products */ = {
			isa = PBXGroup;
			children = (
				1552E8661F9BE16400FEDD16 /* chapter1.app */,
			);
			name = Products;
			sourceTree = "<group>";
		};
		1552E8681F9BE16400FEDD16 /* chapter1 */ = {
			isa = PBXGroup;
			children = (
				1552E8691F9BE16400FEDD16 /* AppDelegate.swift */,
				1552E86B1F9BE16400FEDD16 /* ViewController.swift */,
				1552E86D1F9BE16400FEDD16 /* Main.storyboard */,
				1552E8701F9BE16400FEDD16 /* Assets.xcassets */,
				1552E8721F9BE16400FEDD16 /* LaunchScreen.storyboard */,
				1552E8751F9BE16400FEDD16 /* Info.plist */,
			);
			path = chapter1;
			sourceTree = "<group>";
		};
/* End PBXGroup section */

/* Begin PBXNativeTarget section */
		1552E8651F9BE16400FEDD16 /* chapter1 */ = {
			isa = PBXNativeTarget;
			buildConfigurationList = 1552E8781F9BE16400FEDD16 /* Build configuration list for PBXNativeTarget "chapter1" */;
			buildPhases = (
				1552E8621F9BE16400FEDD16 /* Sources */,
				1552E8631F9BE16400FEDD16 /* Frameworks */,
				1552E8641F9BE16400FEDD16 /* Resources */,
			);
			buildRules = (
			);
			dependencies = (
			);
			name = chapter1;
			productName = chapter1;
			productReference = 1552E8661F9BE16400FEDD16 /* chapter1.app */;
			productType = "com.apple.product-type.application";
		};
/* End PBXNativeTarget section */

/* Begin PBXProject section */
		1552E85E1F9BE16400FEDD16 /* Project object */ = {
			isa = PBXProject;
			attributes = {
				LastSwiftUpdateCheck = 0900;
				LastUpgradeCheck = 0900;
				ORGANIZATIONNAME = "Kenny Bright";
				TargetAttributes = {
					1552E8651F9BE16400FEDD16 = {
						CreatedOnToolsVersion = 9.0.1;
						ProvisioningStyle = Automatic;
					};
				};
			};
			buildConfigurationList = 1552E8611F9BE16400FEDD16 /* Build configuration list for PBXProject "chapter1" */;
			compatibilityVersion = "Xcode 8.0";
			developmentRegion = en;
			hasScannedForEncodings = 0;
			knownRegions = (
				en,
				Base,
			);
			mainGroup = 1552E85D1F9BE16400FEDD16;
			productRefGroup = 1552E8671F9BE16400FEDD16 /* Products */;
			projectDirPath = "";
			projectRoot = "";
			targets = (
				1552E8651F9BE16400FEDD16 /* chapter1 */,
			);
		};
/* End PBXProject section */

/* Begin PBXResourcesBuildPhase section */
		1552E8641F9BE16400FEDD16 /* Resources */ = {
			isa = PBXResourcesBuildPhase;
			buildActionMask = 2147483647;
			files = (
				1552E8741F9BE16400FEDD16 /* LaunchScreen.storyboard in Resources */,
				1552E8711F9BE16400FEDD16 /* Assets.xcassets in Resources */,
				1552E86F1F9BE16400FEDD16 /* Main.storyboard in Resources */,
			);
			runOnlyForDeploymentPostprocessing = 0;
		};
/* End PBXResourcesBuildPhase section */

/* Begin PBXSourcesBuildPhase section */
		1552E8621F9BE16400FEDD16 /* Sources */ = {
			isa = PBXSourcesBuildPhase;
			buildActionMask = 2147483647;
			files = (
				1552E86C1F9BE16400FEDD16 /* ViewController.swift in Sources */,
				1552E86A1F9BE16400FEDD16 /* AppDelegate.swift in Sources */,
			);
			runOnlyForDeploymentPostprocessing = 0;
		};
/* End PBXSourcesBuildPhase section */

/* Begin PBXVariantGroup section */
		1552E86D1F9BE16400FEDD16 /* Main.storyboard */ = {
			isa = PBXVariantGroup;
			children = (
				1552E86E1F9BE16400FEDD16 /* Base */,
			);
			name = Main.storyboard;
			sourceTree = "<group>";
		};
		1552E8721F9BE16400FEDD16 /* LaunchScreen.storyboard */ = {
			isa = PBXVariantGroup;
			children = (
				1552E8731F9BE16400FEDD16 /* Base */,
			);
			name = LaunchScreen.storyboard;
			sourceTree = "<group>";
		};
/* End PBXVariantGroup section */

/* Begin XCBuildConfiguration section */
		1552E8761F9BE16400FEDD16 /* Debug */ = {
			isa = XCBuildConfiguration;
			buildSettings = {
				ALWAYS_SEARCH_USER_PATHS = NO;
				CLANG_ANALYZER_NONNULL = YES;
				CLANG_ANALYZER_NUMBER_OBJECT_CONVERSION = YES_AGGRESSIVE;
				CLANG_CXX_LANGUAGE_STANDARD = "gnu++14";
				CLANG_CXX_LIBRARY = "libc++";
				CLANG_ENABLE_MODULES = YES;
				CLANG_ENABLE_OBJC_ARC = YES;
				CLANG_WARN_BLOCK_CAPTURE_AUTORELEASING = YES;
				CLANG_WARN_BOOL_CONVERSION = YES;
				CLANG_WARN_COMMA = YES;
				CLANG_WARN_CONSTANT_CONVERSION = YES;
				CLANG_WARN_DIRECT_OBJC_ISA_USAGE = YES_ERROR;
				CLANG_WARN_DOCUMENTATION_COMMENTS = YES;
				CLANG_WARN_EMPTY_BODY = YES;
				CLANG_WARN_ENUM_CONVERSION = YES;
				CLANG_WARN_INFINITE_RECURSION = YES;
				CLANG_WARN_INT_CONVERSION = YES;
				CLANG_WARN_NON_LITERAL_NULL_CONVERSION = YES;
				CLANG_WARN_OBJC_LITERAL_CONVERSION = YES;
				CLANG_WARN_OBJC_ROOT_CLASS = YES_ERROR;
				CLANG_WARN_RANGE_LOOP_ANALYSIS = YES;
				CLANG_WARN_STRICT_PROTOTYPES = YES;
				CLANG_WARN_SUSPICIOUS_MOVE = YES;
				CLANG_WARN_UNGUARDED_AVAILABILITY = YES_AGGRESSIVE;
				CLANG_WARN_UNREACHABLE_CODE = YES;
				CLANG_WARN__DUPLICATE_METHOD_MATCH = YES;
				CODE_SIGN_IDENTITY = "iPhone Developer";
				COPY_PHASE_STRIP = NO;
				DEBUG_INFORMATION_FORMAT = dwarf;
				ENABLE_STRICT_OBJC_MSGSEND = YES;
				ENABLE_TESTABILITY = YES;
				GCC_C_LANGUAGE_STANDARD = gnu11;
				GCC_DYNAMIC_NO_PIC = NO;
				GCC_NO_COMMON_BLOCKS = YES;
				GCC_OPTIMIZATION_LEVEL = 0;
				GCC_PREPROCESSOR_DEFINITIONS = (
					"DEBUG=1",
					"$(inherited)",
				);
				GCC_WARN_64_TO_32_BIT_CONVERSION = YES;
				GCC_WARN_ABOUT_RETURN_TYPE = YES_ERROR;
				GCC_WARN_UNDECLARED_SELECTOR = YES;
				GCC_WARN_UNINITIALIZED_AUTOS = YES_AGGRESSIVE;
				GCC_WARN_UNUSED_FUNCTION = YES;
				GCC_WARN_UNUSED_VARIABLE = YES;
				IPHONEOS_DEPLOYMENT_TARGET = 11.0;
				MTL_ENABLE_DEBUG_INFO = YES;
				ONLY_ACTIVE_ARCH = YES;
				SDKROOT = iphoneos;
				SWIFT_ACTIVE_COMPILATION_CONDITIONS = DEBUG;
				SWIFT_OPTIMIZATION_LEVEL = "-Onone";
			};
			name = Debug;
		};
		1552E8771F9BE16400FEDD16 /* Release */ = {
			isa = XCBuildConfiguration;
			buildSettings = {
				ALWAYS_SEARCH_USER_PATHS = NO;
				CLANG_ANALYZER_NONNULL = YES;
				CLANG_ANALYZER_NUMBER_OBJECT_CONVERSION = YES_AGGRESSIVE;
				CLANG_CXX_LANGUAGE_STANDARD = "gnu++14";
				CLANG_CXX_LIBRARY = "libc++";
				CLANG_ENABLE_MODULES = YES;
				CLANG_ENABLE_OBJC_ARC = YES;
				CLANG_WARN_BLOCK_CAPTURE_AUTORELEASING = YES;
				CLANG_WARN_BOOL_CONVERSION = YES;
				CLANG_WARN_COMMA = YES;
				CLANG_WARN_CONSTANT_CONVERSION = YES;
				CLANG_WARN_DIRECT_OBJC_ISA_USAGE = YES_ERROR;
				CLANG_WARN_DOCUMENTATION_COMMENTS = YES;
				CLANG_WARN_EMPTY_BODY = YES;
				CLANG_WARN_ENUM_CONVERSION = YES;
				CLANG_WARN_INFINITE_RECURSION = YES;
				CLANG_WARN_INT_CONVERSION = YES;
				CLANG_WARN_NON_LITERAL_NULL_CONVERSION = YES;
				CLANG_WARN_OBJC_LITERAL_CONVERSION = YES;
				CLANG_WARN_OBJC_ROOT_CLASS = YES_ERROR;
				CLANG_WARN_RANGE_LOOP_ANALYSIS = YES;
				CLANG_WARN_STRICT_PROTOTYPES = YES;
				CLANG_WARN_SUSPICIOUS_MOVE = YES;
				CLANG_WARN_UNGUARDED_AVAILABILITY = YES_AGGRESSIVE;
				CLANG_WARN_UNREACHABLE_CODE = YES;
				CLANG_WARN__DUPLICATE_METHOD_MATCH = YES;
				CODE_SIGN_IDENTITY = "iPhone Developer";
				COPY_PHASE_STRIP = NO;
				DEBUG_INFORMATION_FORMAT = "dwarf-with-dsym";
				ENABLE_NS_ASSERTIONS = NO;
				ENABLE_STRICT_OBJC_MSGSEND = YES;
				GCC_C_LANGUAGE_STANDARD = gnu11;
				GCC_NO_COMMON_BLOCKS = YES;
				GCC_WARN_64_TO_32_BIT_CONVERSION = YES;
				GCC_WARN_ABOUT_RETURN_TYPE = YES_ERROR;
				GCC_WARN_UNDECLARED_SELECTOR = YES;
				GCC_WARN_UNINITIALIZED_AUTOS = YES_AGGRESSIVE;
				GCC_WARN_UNUSED_FUNCTION = YES;
				GCC_WARN_UNUSED_VARIABLE = YES;
				IPHONEOS_DEPLOYMENT_TARGET = 11.0;
				MTL_ENABLE_DEBUG_INFO = NO;
				SDKROOT = iphoneos;
				SWIFT_OPTIMIZATION_LEVEL = "-Owholemodule";
				VALIDATE_PRODUCT = YES;
			};
			name = Release;
		};
		1552E8791F9BE16400FEDD16 /* Debug */ = {
			isa = XCBuildConfiguration;
			buildSettings = {
				ASSETCATALOG_COMPILER_APPICON_NAME = AppIcon;
				CODE_SIGN_STYLE = Automatic;
				DEVELOPMENT_TEAM = VX6M9VY2QN;
				INFOPLIST_FILE = chapter1/Info.plist;
				LD_RUNPATH_SEARCH_PATHS = "$(inherited) @executable_path/Frameworks";
				PRODUCT_BUNDLE_IDENTIFIER = KennyBright.chapter1;
				PRODUCT_NAME = "$(TARGET_NAME)";
				SWIFT_VERSION = 4.0;
				TARGETED_DEVICE_FAMILY = "1,2";
			};
			name = Debug;
		};
		1552E87A1F9BE16400FEDD16 /* Release */ = {
			isa = XCBuildConfiguration;
			buildSettings = {
				ASSETCATALOG_COMPILER_APPICON_NAME = AppIcon;
				CODE_SIGN_STYLE = Automatic;
				DEVELOPMENT_TEAM = VX6M9VY2QN;
				INFOPLIST_FILE = chapter1/Info.plist;
				LD_RUNPATH_SEARCH_PATHS = "$(inherited) @executable_path/Frameworks";
				PRODUCT_BUNDLE_IDENTIFIER = KennyBright.chapter1;
				PRODUCT_NAME = "$(TARGET_NAME)";
				SWIFT_VERSION = 4.0;
				TARGETED_DEVICE_FAMILY = "1,2";
			};
			name = Release;
		};
/* End XCBuildConfiguration section */

/* Begin XCConfigurationList section */
		1552E8611F9BE16400FEDD16 /* Build configuration list for PBXProject "chapter1" */ = {
			isa = XCConfigurationList;
			buildConfigurations = (
				1552E8761F9BE16400FEDD16 /* Debug */,
				1552E8771F9BE16400FEDD16 /* Release */,
			);
			defaultConfigurationIsVisible = 0;
			defaultConfigurationName = Release;
		};
		1552E8781F9BE16400FEDD16 /* Build configuration list for PBXNativeTarget "chapter1" */ = {
			isa = XCConfigurationList;
			buildConfigurations = (
				1552E8791F9BE16400FEDD16 /* Debug */,
				1552E87A1F9BE16400FEDD16 /* Release */,
			);
			defaultConfigurationIsVisible = 0;
			defaultConfigurationName = Release;
		};
/* End XCConfigurationList section */
	};
	rootObject = 1552E85E1F9BE16400FEDD16 /* Project object */;
}
